
Microsoft Visual Studio Solution File, Format Version 12.00
# Visual Studio Version 16
VisualStudioVersion = 16.0.31129.286
MinimumVisualStudioVersion = 10.0.40219.1
Project("{FAE04EC0-301F-11D3-BF4B-00C04F79EFBC}") = "AirCraftController", "AirCraftController\AirCraftController.csproj", "{78690C09-A2C2-4AB2-B0BE-BA4311C66222}"
EndProject
Global
	GlobalSection(SolutionConfigurationPlatforms) = preSolution
		Debug|Any CPU = Debug|Any CPU
		Release|Any CPU = Release|Any CPU
	EndGlobalSection
	GlobalSection(ProjectConfigurationPlatforms) = postSolution
		{78690C09-A2C2-4AB2-B0BE-BA4311C66222}.Debug|Any CPU.ActiveCfg = Debug|Any CPU
		{78690C09-A2C2-4AB2-B0BE-BA4311C66222}.Debug|Any CPU.Build.0 = Debug|Any CPU
		{78690C09-A2C2-4AB2-B0BE-BA4311C66222}.Release|Any CPU.ActiveCfg = Release|Any CPU
		{78690C09-A2C2-4AB2-B0BE-BA4311C66222}.Release|Any CPU.Build.0 = Release|Any CPU
	EndGlobalSection
	GlobalSection(SolutionProperties) = preSolution
		HideSolutionNode = FALSE
	EndGlobalSection
	GlobalSection(ExtensibilityGlobals) = postSolution
		SolutionGuid = {77017802-483B-46EF-81C2-88F3BAA10E70}
	EndGlobalSection
EndGlobal
